
Microsoft Visual Studio Solution File, Format Version 12.00
# Visual Studio Version 17
VisualStudioVersion = 17.12.35527.113 d17.12
MinimumVisualStudioVersion = 10.0.40219.1
Project("{FAE04EC0-301F-11D3-BF4B-00C04F79EFBC}") = "HospitalManagement.Core", "HospitalManagement.Core\HospitalManagement.Core.csproj", "{BF349924-067D-4E93-975E-D623F4F31185}"
EndProject
Project("{FAE04EC0-301F-11D3-BF4B-00C04F79EFBC}") = "HospitalManagement.DAL", "HospitalManagement.DAL\HospitalManagement.DAL.csproj", "{DFEC9A9D-00A5-46C9-9C82-5C6442A58C73}"
EndProject
Project("{FAE04EC0-301F-11D3-BF4B-00C04F79EFBC}") = "HospitalManagement.BL", "HospitalManagement.BL\HospitalManagement.BL.csproj", "{697969AD-2A8D-4AF8-82B5-E64ED2F591C0}"
EndProject
Project("{FAE04EC0-301F-11D3-BF4B-00C04F79EFBC}") = "HospitalManagement.API", "HospitalManagement.API\HospitalManagement.API.csproj", "{43942787-5831-433C-A040-3699468D9893}"
EndProject
Global
	GlobalSection(SolutionConfigurationPlatforms) = preSolution
		Debug|Any CPU = Debug|Any CPU
		Release|Any CPU = Release|Any CPU
	EndGlobalSection
	GlobalSection(ProjectConfigurationPlatforms) = postSolution
		{BF349924-067D-4E93-975E-D623F4F31185}.Debug|Any CPU.ActiveCfg = Debug|Any CPU
		{BF349924-067D-4E93-975E-D623F4F31185}.Debug|Any CPU.Build.0 = Debug|Any CPU
		{BF349924-067D-4E93-975E-D623F4F31185}.Release|Any CPU.ActiveCfg = Release|Any CPU
		{BF349924-067D-4E93-975E-D623F4F31185}.Release|Any CPU.Build.0 = Release|Any CPU
		{DFEC9A9D-00A5-46C9-9C82-5C6442A58C73}.Debug|Any CPU.ActiveCfg = Debug|Any CPU
		{DFEC9A9D-00A5-46C9-9C82-5C6442A58C73}.Debug|Any CPU.Build.0 = Debug|Any CPU
		{DFEC9A9D-00A5-46C9-9C82-5C6442A58C73}.Release|Any CPU.ActiveCfg = Release|Any CPU
		{DFEC9A9D-00A5-46C9-9C82-5C6442A58C73}.Release|Any CPU.Build.0 = Release|Any CPU
		{697969AD-2A8D-4AF8-82B5-E64ED2F591C0}.Debug|Any CPU.ActiveCfg = Debug|Any CPU
		{697969AD-2A8D-4AF8-82B5-E64ED2F591C0}.Debug|Any CPU.Build.0 = Debug|Any CPU
		{697969AD-2A8D-4AF8-82B5-E64ED2F591C0}.Release|Any CPU.ActiveCfg = Release|Any CPU
		{697969AD-2A8D-4AF8-82B5-E64ED2F591C0}.Release|Any CPU.Build.0 = Release|Any CPU
		{43942787-5831-433C-A040-3699468D9893}.Debug|Any CPU.ActiveCfg = Debug|Any CPU
		{43942787-5831-433C-A040-3699468D9893}.Debug|Any CPU.Build.0 = Debug|Any CPU
		{43942787-5831-433C-A040-3699468D9893}.Release|Any CPU.ActiveCfg = Release|Any CPU
		{43942787-5831-433C-A040-3699468D9893}.Release|Any CPU.Build.0 = Release|Any CPU
	EndGlobalSection
	GlobalSection(SolutionProperties) = preSolution
		HideSolutionNode = FALSE
	EndGlobalSection
EndGlobal
